<?xml version="1.0" encoding="utf-8"?>
<Project ToolsVersion="4.0" xmlns="http://schemas.microsoft.com/developer/msbuild/2003">
  <ItemGroup>
    <Filter Include="Resource Files">
      <UniqueIdentifier>{67DA6AB6-F800-4c08-8B7A-83BB121AAD01}</UniqueIdentifier>
      <Extensions>rc;ico;cur;bmp;dlg;rc2;rct;bin;rgs;gif;jpg;jpeg;jpe;resx;tiff;tif;png;wav;mfcribbon-ms</Extensions>
    </Filter>
    <Filter Include="engine">
      <UniqueIdentifier>{e9838a83-39a4-4bce-b108-926c37d2cc68}</UniqueIdentifier>
    </Filter>
    <Filter Include="engine\modules">
      <UniqueIdentifier>{53fb722a-4952-45df-9973-ec8e344f05d1}</UniqueIdentifier>
    </Filter>
    <Filter Include="engine\scene">
      <UniqueIdentifier>{851a97b0-2ed8-42aa-8022-30868a3010c2}</UniqueIdentifier>
    </Filter>
    <Filter Include="engine\scene\ecs">
      <UniqueIdentifier>{f16786f5-88ad-40f1-bf3d-6c82714eae92}</UniqueIdentifier>
    </Filter>
    <Filter Include="engine\gui">
      <UniqueIdentifier>{b5032aa8-5dfc-4eca-8985-56a3bea021b1}</UniqueIdentifier>
    </Filter>
  </ItemGroup>
  <ItemGroup>
    <ClInclude Include="src\engine\engine.h">
      <Filter>engine</Filter>
    </ClInclude>
    <ClInclude Include="src\engine\modules\resource_manager.h">
      <Filter>engine\modules</Filter>
    </ClInclude>
    <ClInclude Include="src\engine\common.h">
      <Filter>engine</Filter>
    </ClInclude>
    <ClInclude Include="src\engine\ecs\component_manager.h">
      <Filter>engine\scene\ecs</Filter>
    </ClInclude>
    <ClInclude Include="src\engine\ecs\ecs_base.h">
      <Filter>engine\scene\ecs</Filter>
    </ClInclude>
    <ClInclude Include="src\engine\ecs\components.h">
      <Filter>engine\scene\ecs</Filter>
    </ClInclude>
    <ClInclude Include="external\lib\vulkan\include\vk_mem_alloc.h" />
    <ClInclude Include="src\engine\gui\gui_component_panel.h">
      <Filter>engine\gui</Filter>
    </ClInclude>
    <ClInclude Include="src\engine\ecs_settings.h">
      <Filter>engine</Filter>
    </ClInclude>
    <ClInclude Include="src\engine\ecs\system.h">
      <Filter>engine\scene\ecs</Filter>
    </ClInclude>
    <ClInclude Include="src\engine\ecs\system_manager.h">
      <Filter>engine\scene\ecs</Filter>
    </ClInclude>
    <ClInclude Include="src\engine\gui\GUI_definedColors.h">
      <Filter>engine\gui</Filter>
    </ClInclude>
    <ClInclude Include="src\engine\custom_assert.h" />
  </ItemGroup>
  <ItemGroup>
    <ClCompile Include="src\main.cpp" />
    <ClCompile Include="src\engine\engine.cpp">
      <Filter>engine</Filter>
    </ClCompile>
  </ItemGroup>
  <ItemGroup>
    <None Include="src\engine\gui\gui_component_implementation.inl">
      <Filter>engine\gui</Filter>
    </None>
  </ItemGroup>
</Project>