<?xml version="1.0" encoding="utf-8"?>
<Project ToolsVersion="4.0" xmlns="http://schemas.microsoft.com/developer/msbuild/2003">
  <ItemGroup>
    <Filter Include="Resource Files">
      <UniqueIdentifier>{67DA6AB6-F800-4c08-8B7A-83BB121AAD01}</UniqueIdentifier>
      <Extensions>rc;ico;cur;bmp;dlg;rc2;rct;bin;rgs;gif;jpg;jpeg;jpe;resx;tiff;tif;png;wav;mfcribbon-ms</Extensions>
    </Filter>
    <Filter Include="engine">
      <UniqueIdentifier>{e9838a83-39a4-4bce-b108-926c37d2cc68}</UniqueIdentifier>
    </Filter>
    <Filter Include="engine\scene">
      <UniqueIdentifier>{851a97b0-2ed8-42aa-8022-30868a3010c2}</UniqueIdentifier>
    </Filter>
    <Filter Include="engine\scene\ecs">
      <UniqueIdentifier>{f16786f5-88ad-40f1-bf3d-6c82714eae92}</UniqueIdentifier>
    </Filter>
    <Filter Include="engine\gui">
      <UniqueIdentifier>{b5032aa8-5dfc-4eca-8985-56a3bea021b1}</UniqueIdentifier>
    </Filter>
    <Filter Include="engine\input">
      <UniqueIdentifier>{6c356a02-3d50-40d9-83c7-e7b73abdf7ec}</UniqueIdentifier>
    </Filter>
    <Filter Include="engine\scripting">
      <UniqueIdentifier>{b208a801-5d97-4c9f-a6d3-8cfacae2e0b7}</UniqueIdentifier>
    </Filter>
    <Filter Include="engine\debug">
      <UniqueIdentifier>{934397c8-1130-40cc-8b33-3dba24d3a0aa}</UniqueIdentifier>
    </Filter>
    <Filter Include="engine\serializer">
      <UniqueIdentifier>{fd2ff098-a17d-4802-8c07-9de1166cb593}</UniqueIdentifier>
    </Filter>
    <Filter Include="engine\gui\modules">
      <UniqueIdentifier>{53fb722a-4952-45df-9973-ec8e344f05d1}</UniqueIdentifier>
    </Filter>
  </ItemGroup>
  <ItemGroup>
    <ClInclude Include="src\engine\engine.h">
      <Filter>engine</Filter>
    </ClInclude>
    <ClInclude Include="src\engine\common.h">
      <Filter>engine</Filter>
    </ClInclude>
    <ClInclude Include="src\engine\ecs\component_manager.h">
      <Filter>engine\scene\ecs</Filter>
    </ClInclude>
    <ClInclude Include="src\engine\ecs\ecs_base.h">
      <Filter>engine\scene\ecs</Filter>
    </ClInclude>
    <ClInclude Include="external\lib\vulkan\include\vk_mem_alloc.h" />
    <ClInclude Include="src\engine\gui\gui_component_panel.h">
      <Filter>engine\gui</Filter>
    </ClInclude>
    <ClInclude Include="src\engine\engine_settings.h">
      <Filter>engine</Filter>
    </ClInclude>
    <ClInclude Include="src\engine\ecs\system.h">
      <Filter>engine\scene\ecs</Filter>
    </ClInclude>
    <ClInclude Include="src\engine\ecs\system_manager.h">
      <Filter>engine\scene\ecs</Filter>
    </ClInclude>
    <ClInclude Include="src\engine\gui\GUI_definedColors.h">
      <Filter>engine\gui</Filter>
    </ClInclude>
    <ClInclude Include="src\engine\custom_assert.h" />
    <ClInclude Include="src\engine\input\InputManager.h">
      <Filter>engine\input</Filter>
    </ClInclude>
    <ClInclude Include="src\engine\modules\master_asset_manager.h">
      <Filter>engine\gui\modules</Filter>
    </ClInclude>
    <ClInclude Include="src\engine\modules\mesh_asset_manager.h">
      <Filter>engine\gui\modules</Filter>
    </ClInclude>
    <ClInclude Include="src\engine\modules\image_asset_manager.h">
      <Filter>engine\gui\modules</Filter>
    </ClInclude>
    <ClInclude Include="src\engine\modules\shader_asset_manager.h">
      <Filter>engine\gui\modules</Filter>
    </ClInclude>
    <ClInclude Include="src\engine\scripting\lua_script_manager.h">
      <Filter>engine\scripting</Filter>
    </ClInclude>
    <ClInclude Include="src\engine\ecs\components.h">
      <Filter>engine\scene\ecs</Filter>
    </ClInclude>
    <ClInclude Include="src\engine\modules\script_asset_manager.h">
      <Filter>engine\gui\modules</Filter>
    </ClInclude>
    <ClInclude Include="src\engine\scripting\script.h">
      <Filter>engine\scripting</Filter>
    </ClInclude>
    <ClInclude Include="src\engine\gui\gui_asset_implementation.h">
      <Filter>engine\gui</Filter>
    </ClInclude>
    <ClInclude Include="src\engine\serializer\scene_serializer.h">
      <Filter>engine\serializer</Filter>
    </ClInclude>
    <ClInclude Include="src\engine\serializer\component_serialization_impl.inl">
      <Filter>engine\serializer</Filter>
    </ClInclude>
    <ClInclude Include="src\engine\serializer\assets_serialization_impl.inl">
      <Filter>engine\serializer</Filter>
    </ClInclude>
    <ClInclude Include="src\engine\serializer\shared_serialization_impl.h">
      <Filter>engine\serializer</Filter>
    </ClInclude>
    <ClInclude Include="src\engine\gui\GUIWrappedFunctions.h">
      <Filter>engine\gui</Filter>
    </ClInclude>
  </ItemGroup>
  <ItemGroup>
    <ClCompile Include="src\main.cpp" />
    <ClCompile Include="src\engine\engine.cpp">
      <Filter>engine</Filter>
    </ClCompile>
    <ClCompile Include="src\engine\modules\image_asset_manager.cpp">
      <Filter>engine\gui\modules</Filter>
    </ClCompile>
    <ClCompile Include="src\engine\modules\mesh_asset_manager.cpp">
      <Filter>engine\gui\modules</Filter>
    </ClCompile>
    <ClCompile Include="src\engine\modules\shader_asset_manager.cpp">
      <Filter>engine\gui\modules</Filter>
    </ClCompile>
    <ClCompile Include="src\engine\scripting\lua_script_manager.cpp">
      <Filter>engine\scripting</Filter>
    </ClCompile>
    <ClCompile Include="src\engine\modules\script_asset_manager.cpp">
      <Filter>engine\gui\modules</Filter>
    </ClCompile>
    <ClCompile Include="src\engine\serializer\scene_serializer.cpp">
      <Filter>engine\serializer</Filter>
    </ClCompile>
  </ItemGroup>
  <ItemGroup>
    <None Include="src\engine\gui\gui_component_implementation.inl">
      <Filter>engine\gui</Filter>
    </None>
    <None Include="src\engine\serializer\assets_deserialization_impl.inl">
      <Filter>engine\serializer</Filter>
    </None>
    <None Include="src\engine\serializer\component_deserialization_impl.inl">
      <Filter>engine\serializer</Filter>
    </None>
  </ItemGroup>
</Project>