<?xml version="1.0" encoding="utf-8"?>
<Project ToolsVersion="17.0" xmlns="http://schemas.microsoft.com/developer/msbuild/2003">
  <ItemGroup>
    <CustomBuild Include="C:\Users\82106\Desktop\2022-Fall\GAM450\OuroborosEngine\Engine\OuroborosEngine\build\CMakeFiles\c1b3d6b4b49d4f81d50ca7643b089305\INSTALL_force.rule">
      <Filter>CMake Rules</Filter>
    </CustomBuild>
  </ItemGroup>
  <ItemGroup>
    <Filter Include="CMake Rules">
      <UniqueIdentifier>{6A0649FA-DBEA-3755-A70C-D9D0DC6FC73A}</UniqueIdentifier>
    </Filter>
  </ItemGroup>
</Project>
