<?xml version="1.0" encoding="utf-8"?>
<Project ToolsVersion="17.0" xmlns="http://schemas.microsoft.com/developer/msbuild/2003">
  <ItemGroup>
    <CustomBuild Include="E:\summer2022\OuroborosEngine\Engine\OuroborosEngine\build\CMakeFiles\bee3be32ced34896396206eaebe2d5ce\INSTALL_force.rule">
      <Filter>CMake Rules</Filter>
    </CustomBuild>
  </ItemGroup>
  <ItemGroup>
    <Filter Include="CMake Rules">
      <UniqueIdentifier>{711314F6-B1FB-307B-BC96-82194BF9F37C}</UniqueIdentifier>
    </Filter>
  </ItemGroup>
</Project>
